{
  "name": "org-bench",
  "lockfileVersion": 3,
  "requires": true,
  "packages": {
    "": {
      "name": "org-bench",
      "workspaces": [
        "packages/*"
      ],
      "devDependencies": {
        "typescript": "^5.8.3"
      }
    },
    "node_modules/@org-bench/analyst": {
      "resolved": "packages/analyst",
      "link": true
    },
    "node_modules/@org-bench/evaluator": {
      "resolved": "packages/evaluator",
      "link": true
    },
    "node_modules/@org-bench/judge": {
      "resolved": "packages/judge",
      "link": true
    },
    "node_modules/@org-bench/orchestrator": {
      "resolved": "packages/orchestrator",
      "link": true
    },
    "node_modules/@org-bench/schemas": {
      "resolved": "packages/schemas",
      "link": true
    },
    "node_modules/@org-bench/viewer": {
      "resolved": "packages/viewer",
      "link": true
    },
    "node_modules/typescript": {
      "version": "5.9.3",
      "resolved": "https://registry.npmjs.org/typescript/-/typescript-5.9.3.tgz",
      "integrity": "sha512-jl1vZzPDinLr9eUt3J/t7V6FgNEw9QjvBPdysz9KfQDD41fQrC2Y4vKQdiaUpFT4bXlb1RHhLpp8wtm6M5TgSw==",
      "dev": true,
      "license": "Apache-2.0",
      "bin": {
        "tsc": "bin/tsc",
        "tsserver": "bin/tsserver"
      },
      "engines": {
        "node": ">=14.17"
      }
    },
    "packages/analyst": {
      "name": "@org-bench/analyst",
      "version": "0.0.0"
    },
    "packages/evaluator": {
      "name": "@org-bench/evaluator",
      "version": "0.0.0"
    },
    "packages/judge": {
      "name": "@org-bench/judge",
      "version": "0.0.0"
    },
    "packages/orchestrator": {
      "name": "@org-bench/orchestrator",
      "version": "0.0.0"
    },
    "packages/schemas": {
      "name": "@org-bench/schemas",
      "version": "0.0.0"
    },
    "packages/viewer": {
      "name": "@org-bench/viewer",
      "version": "0.0.0"
    }
  }
}
